// !$*UTF8*$!
{
	archiveVersion = 1;
	classes = {
	};
	objectVersion = 46;
	objects = {

/* Begin PBXBuildFile section */
		CFBFB6E01F5FE4A30088B57B /* AppDelegate.swift in Sources */ = {isa = PBXBuildFile; fileRef = CFBFB6DF1F5FE4A30088B57B /* AppDelegate.swift */; };
		CFBFB6E21F5FE4A30088B57B /* ViewController.swift in Sources */ = {isa = PBXBuildFile; fileRef = CFBFB6E11F5FE4A30088B57B /* ViewController.swift */; };
		CFBFB6E51F5FE4A30088B57B /* Main.storyboard in Resources */ = {isa = PBXBuildFile; fileRef = CFBFB6E31F5FE4A30088B57B /* Main.storyboard */; };
		CFBFB6E71F5FE4A30088B57B /* Assets.xcassets in Resources */ = {isa = PBXBuildFile; fileRef = CFBFB6E61F5FE4A30088B57B /* Assets.xcassets */; };
		CFBFB6EA1F5FE4A30088B57B /* LaunchScreen.storyboard in Resources */ = {isa = PBXBuildFile; fileRef = CFBFB6E81F5FE4A30088B57B /* LaunchScreen.storyboard */; };
		CFBFB6F51F5FE4A30088B57B /* Swift16___UITests.swift in Sources */ = {isa = PBXBuildFile; fileRef = CFBFB6F41F5FE4A30088B57B /* Swift16___UITests.swift */; };
/* End PBXBuildFile section */

/* Begin PBXContainerItemProxy section */
		CFBFB6F11F5FE4A30088B57B /* PBXContainerItemProxy */ = {
			isa = PBXContainerItemProxy;
			containerPortal = CFBFB6D41F5FE4A30088B57B /* Project object */;
			proxyType = 1;
			remoteGlobalIDString = CFBFB6DB1F5FE4A30088B57B;
			remoteInfo = "Swift16-枚举";
		};
/* End PBXContainerItemProxy section */

/* Begin PBXFileReference section */
		CFBFB6DC1F5FE4A30088B57B /* Swift16-枚举.app */ = {isa = PBXFileReference; explicitFileType = wrapper.application; includeInIndex = 0; path = "Swift16-枚举.app"; sourceTree = BUILT_PRODUCTS_DIR; };
		CFBFB6DF1F5FE4A30088B57B /* AppDelegate.swift */ = {isa = PBXFileReference; lastKnownFileType = sourcecode.swift; path = AppDelegate.swift; sourceTree = "<group>"; };
		CFBFB6E11F5FE4A30088B57B /* ViewController.swift */ = {isa = PBXFileReference; lastKnownFileType = sourcecode.swift; path = ViewController.swift; sourceTree = "<group>"; };
		CFBFB6E41F5FE4A30088B57B /* Base */ = {isa = PBXFileReference; lastKnownFileType = file.storyboard; name = Base; path = Base.lproj/Main.storyboard; sourceTree = "<group>"; };
		CFBFB6E61F5FE4A30088B57B /* Assets.xcassets */ = {isa = PBXFileReference; lastKnownFileType = folder.assetcatalog; path = Assets.xcassets; sourceTree = "<group>"; };
		CFBFB6E91F5FE4A30088B57B /* Base */ = {isa = PBXFileReference; lastKnownFileType = file.storyboard; name = Base; path = Base.lproj/LaunchScreen.storyboard; sourceTree = "<group>"; };
		CFBFB6EB1F5FE4A30088B57B /* Info.plist */ = {isa = PBXFileReference; lastKnownFileType = text.plist.xml; path = Info.plist; sourceTree = "<group>"; };
		CFBFB6F01F5FE4A30088B57B /* Swift16-枚举UITests.xctest */ = {isa = PBXFileReference; explicitFileType = wrapper.cfbundle; includeInIndex = 0; path = "Swift16-枚举UITests.xctest"; sourceTree = BUILT_PRODUCTS_DIR; };
		CFBFB6F41F5FE4A30088B57B /* Swift16___UITests.swift */ = {isa = PBXFileReference; lastKnownFileType = sourcecode.swift; path = "Swift16___UITests.swift"; sourceTree = "<group>"; };
		CFBFB6F61F5FE4A30088B57B /* Info.plist */ = {isa = PBXFileReference; lastKnownFileType = text.plist.xml; path = Info.plist; sourceTree = "<group>"; };
/* End PBXFileReference section */

/* Begin PBXFrameworksBuildPhase section */
		CFBFB6D91F5FE4A30088B57B /* Frameworks */ = {
			isa = PBXFrameworksBuildPhase;
			buildActionMask = 2147483647;
			files = (
			);
			runOnlyForDeploymentPostprocessing = 0;
		};
		CFBFB6ED1F5FE4A30088B57B /* Frameworks */ = {
			isa = PBXFrameworksBuildPhase;
			buildActionMask = 2147483647;
			files = (
			);
			runOnlyForDeploymentPostprocessing = 0;
		};
/* End PBXFrameworksBuildPhase section */

/* Begin PBXGroup section */
		CFBFB6D31F5FE4A30088B57B = {
			isa = PBXGroup;
			children = (
				CFBFB6DE1F5FE4A30088B57B /* Swift16-枚举 */,
				CFBFB6F31F5FE4A30088B57B /* Swift16-枚举UITests */,
				CFBFB6DD1F5FE4A30088B57B /* Products */,
			);
			sourceTree = "<group>";
		};
		CFBFB6DD1F5FE4A30088B57B /* Products */ = {
			isa = PBXGroup;
			children = (
				CFBFB6DC1F5FE4A30088B57B /* Swift16-枚举.app */,
				CFBFB6F01F5FE4A30088B57B /* Swift16-枚举UITests.xctest */,
			);
			name = Products;
			sourceTree = "<group>";
		};
		CFBFB6DE1F5FE4A30088B57B /* Swift16-枚举 */ = {
			isa = PBXGroup;
			children = (
				CFBFB6DF1F5FE4A30088B57B /* AppDelegate.swift */,
				CFBFB6E11F5FE4A30088B57B /* ViewController.swift */,
				CFBFB6E31F5FE4A30088B57B /* Main.storyboard */,
				CFBFB6E61F5FE4A30088B57B /* Assets.xcassets */,
				CFBFB6E81F5FE4A30088B57B /* LaunchScreen.storyboard */,
				CFBFB6EB1F5FE4A30088B57B /* Info.plist */,
			);
			path = "Swift16-枚举";
			sourceTree = "<group>";
		};
		CFBFB6F31F5FE4A30088B57B /* Swift16-枚举UITests */ = {
			isa = PBXGroup;
			children = (
				CFBFB6F41F5FE4A30088B57B /* Swift16___UITests.swift */,
				CFBFB6F61F5FE4A30088B57B /* Info.plist */,
			);
			path = "Swift16-枚举UITests";
			sourceTree = "<group>";
		};
/* End PBXGroup section */

/* Begin PBXNativeTarget section */
		CFBFB6DB1F5FE4A30088B57B /* Swift16-枚举 */ = {
			isa = PBXNativeTarget;
			buildConfigurationList = CFBFB6F91F5FE4A30088B57B /* Build configuration list for PBXNativeTarget "Swift16-枚举" */;
			buildPhases = (
				CFBFB6D81F5FE4A30088B57B /* Sources */,
				CFBFB6D91F5FE4A30088B57B /* Frameworks */,
				CFBFB6DA1F5FE4A30088B57B /* Resources */,
			);
			buildRules = (
			);
			dependencies = (
			);
			name = "Swift16-枚举";
			productName = "Swift16-枚举";
			productReference = CFBFB6DC1F5FE4A30088B57B /* Swift16-枚举.app */;
			productType = "com.apple.product-type.application";
		};
		CFBFB6EF1F5FE4A30088B57B /* Swift16-枚举UITests */ = {
			isa = PBXNativeTarget;
			buildConfigurationList = CFBFB6FC1F5FE4A30088B57B /* Build configuration list for PBXNativeTarget "Swift16-枚举UITests" */;
			buildPhases = (
				CFBFB6EC1F5FE4A30088B57B /* Sources */,
				CFBFB6ED1F5FE4A30088B57B /* Frameworks */,
				CFBFB6EE1F5FE4A30088B57B /* Resources */,
			);
			buildRules = (
			);
			dependencies = (
				CFBFB6F21F5FE4A30088B57B /* PBXTargetDependency */,
			);
			name = "Swift16-枚举UITests";
			productName = "Swift16-枚举UITests";
			productReference = CFBFB6F01F5FE4A30088B57B /* Swift16-枚举UITests.xctest */;
			productType = "com.apple.product-type.bundle.ui-testing";
		};
/* End PBXNativeTarget section */

/* Begin PBXProject section */
		CFBFB6D41F5FE4A30088B57B /* Project object */ = {
			isa = PBXProject;
			attributes = {
				LastSwiftUpdateCheck = 0830;
				LastUpgradeCheck = 0830;
				ORGANIZATIONNAME = "李慧娟";
				TargetAttributes = {
					CFBFB6DB1F5FE4A30088B57B = {
						CreatedOnToolsVersion = 8.3.3;
						ProvisioningStyle = Automatic;
					};
					CFBFB6EF1F5FE4A30088B57B = {
						CreatedOnToolsVersion = 8.3.3;
						ProvisioningStyle = Automatic;
						TestTargetID = CFBFB6DB1F5FE4A30088B57B;
					};
				};
			};
			buildConfigurationList = CFBFB6D71F5FE4A30088B57B /* Build configuration list for PBXProject "Swift16-枚举" */;
			compatibilityVersion = "Xcode 3.2";
			developmentRegion = English;
			hasScannedForEncodings = 0;
			knownRegions = (
				en,
				Base,
			);
			mainGroup = CFBFB6D31F5FE4A30088B57B;
			productRefGroup = CFBFB6DD1F5FE4A30088B57B /* Products */;
			projectDirPath = "";
			projectRoot = "";
			targets = (
				CFBFB6DB1F5FE4A30088B57B /* Swift16-枚举 */,
				CFBFB6EF1F5FE4A30088B57B /* Swift16-枚举UITests */,
			);
		};
/* End PBXProject section */

/* Begin PBXResourcesBuildPhase section */
		CFBFB6DA1F5FE4A30088B57B /* Resources */ = {
			isa = PBXResourcesBuildPhase;
			buildActionMask = 2147483647;
			files = (
				CFBFB6EA1F5FE4A30088B57B /* LaunchScreen.storyboard in Resources */,
				CFBFB6E71F5FE4A30088B57B /* Assets.xcassets in Resources */,
				CFBFB6E51F5FE4A30088B57B /* Main.storyboard in Resources */,
			);
			runOnlyForDeploymentPostprocessing = 0;
		};
		CFBFB6EE1F5FE4A30088B57B /* Resources */ = {
			isa = PBXResourcesBuildPhase;
			buildActionMask = 2147483647;
			files = (
			);
			runOnlyForDeploymentPostprocessing = 0;
		};
/* End PBXResourcesBuildPhase section */

/* Begin PBXSourcesBuildPhase section */
		CFBFB6D81F5FE4A30088B57B /* Sources */ = {
			isa = PBXSourcesBuildPhase;
			buildActionMask = 2147483647;
			files = (
				CFBFB6E21F5FE4A30088B57B /* ViewController.swift in Sources */,
				CFBFB6E01F5FE4A30088B57B /* AppDelegate.swift in Sources */,
			);
			runOnlyForDeploymentPostprocessing = 0;
		};
		CFBFB6EC1F5FE4A30088B57B /* Sources */ = {
			isa = PBXSourcesBuildPhase;
			buildActionMask = 2147483647;
			files = (
				CFBFB6F51F5FE4A30088B57B /* Swift16___UITests.swift in Sources */,
			);
			runOnlyForDeploymentPostprocessing = 0;
		};
/* End PBXSourcesBuildPhase section */

/* Begin PBXTargetDependency section */
		CFBFB6F21F5FE4A30088B57B /* PBXTargetDependency */ = {
			isa = PBXTargetDependency;
			target = CFBFB6DB1F5FE4A30088B57B /* Swift16-枚举 */;
			targetProxy = CFBFB6F11F5FE4A30088B57B /* PBXContainerItemProxy */;
		};
/* End PBXTargetDependency section */

/* Begin PBXVariantGroup section */
		CFBFB6E31F5FE4A30088B57B /* Main.storyboard */ = {
			isa = PBXVariantGroup;
			children = (
				CFBFB6E41F5FE4A30088B57B /* Base */,
			);
			name = Main.storyboard;
			sourceTree = "<group>";
		};
		CFBFB6E81F5FE4A30088B57B /* LaunchScreen.storyboard */ = {
			isa = PBXVariantGroup;
			children = (
				CFBFB6E91F5FE4A30088B57B /* Base */,
			);
			name = LaunchScreen.storyboard;
			sourceTree = "<group>";
		};
/* End PBXVariantGroup section */

/* Begin XCBuildConfiguration section */
		CFBFB6F71F5FE4A30088B57B /* Debug */ = {
			isa = XCBuildConfiguration;
			buildSettings = {
				ALWAYS_SEARCH_USER_PATHS = NO;
				CLANG_ANALYZER_NONNULL = YES;
				CLANG_ANALYZER_NUMBER_OBJECT_CONVERSION = YES_AGGRESSIVE;
				CLANG_CXX_LANGUAGE_STANDARD = "gnu++0x";
				CLANG_CXX_LIBRARY = "libc++";
				CLANG_ENABLE_MODULES = YES;
				CLANG_ENABLE_OBJC_ARC = YES;
				CLANG_WARN_BOOL_CONVERSION = YES;
				CLANG_WARN_CONSTANT_CONVERSION = YES;
				CLANG_WARN_DIRECT_OBJC_ISA_USAGE = YES_ERROR;
				CLANG_WARN_DOCUMENTATION_COMMENTS = YES;
				CLANG_WARN_EMPTY_BODY = YES;
				CLANG_WARN_ENUM_CONVERSION = YES;
				CLANG_WARN_INFINITE_RECURSION = YES;
				CLANG_WARN_INT_CONVERSION = YES;
				CLANG_WARN_OBJC_ROOT_CLASS = YES_ERROR;
				CLANG_WARN_SUSPICIOUS_MOVE = YES;
				CLANG_WARN_UNREACHABLE_CODE = YES;
				CLANG_WARN__DUPLICATE_METHOD_MATCH = YES;
				"CODE_SIGN_IDENTITY[sdk=iphoneos*]" = "iPhone Developer";
				COPY_PHASE_STRIP = NO;
				DEBUG_INFORMATION_FORMAT = dwarf;
				ENABLE_STRICT_OBJC_MSGSEND = YES;
				ENABLE_TESTABILITY = YES;
				GCC_C_LANGUAGE_STANDARD = gnu99;
				GCC_DYNAMIC_NO_PIC = NO;
				GCC_NO_COMMON_BLOCKS = YES;
				GCC_OPTIMIZATION_LEVEL = 0;
				GCC_PREPROCESSOR_DEFINITIONS = (
					"DEBUG=1",
					"$(inherited)",
				);
				GCC_WARN_64_TO_32_BIT_CONVERSION = YES;
				GCC_WARN_ABOUT_RETURN_TYPE = YES_ERROR;
				GCC_WARN_UNDECLARED_SELECTOR = YES;
				GCC_WARN_UNINITIALIZED_AUTOS = YES_AGGRESSIVE;
				GCC_WARN_UNUSED_FUNCTION = YES;
				GCC_WARN_UNUSED_VARIABLE = YES;
				IPHONEOS_DEPLOYMENT_TARGET = 10.3;
				MTL_ENABLE_DEBUG_INFO = YES;
				ONLY_ACTIVE_ARCH = YES;
				SDKROOT = iphoneos;
				SWIFT_ACTIVE_COMPILATION_CONDITIONS = DEBUG;
				SWIFT_OPTIMIZATION_LEVEL = "-Onone";
			};
			name = Debug;
		};
		CFBFB6F81F5FE4A30088B57B /* Release */ = {
			isa = XCBuildConfiguration;
			buildSettings = {
				ALWAYS_SEARCH_USER_PATHS = NO;
				CLANG_ANALYZER_NONNULL = YES;
				CLANG_ANALYZER_NUMBER_OBJECT_CONVERSION = YES_AGGRESSIVE;
				CLANG_CXX_LANGUAGE_STANDARD = "gnu++0x";
				CLANG_CXX_LIBRARY = "libc++";
				CLANG_ENABLE_MODULES = YES;
				CLANG_ENABLE_OBJC_ARC = YES;
				CLANG_WARN_BOOL_CONVERSION = YES;
				CLANG_WARN_CONSTANT_CONVERSION = YES;
				CLANG_WARN_DIRECT_OBJC_ISA_USAGE = YES_ERROR;
				CLANG_WARN_DOCUMENTATION_COMMENTS = YES;
				CLANG_WARN_EMPTY_BODY = YES;
				CLANG_WARN_ENUM_CONVERSION = YES;
				CLANG_WARN_INFINITE_RECURSION = YES;
				CLANG_WARN_INT_CONVERSION = YES;
				CLANG_WARN_OBJC_ROOT_CLASS = YES_ERROR;
				CLANG_WARN_SUSPICIOUS_MOVE = YES;
				CLANG_WARN_UNREACHABLE_CODE = YES;
				CLANG_WARN__DUPLICATE_METHOD_MATCH = YES;
				"CODE_SIGN_IDENTITY[sdk=iphoneos*]" = "iPhone Developer";
				COPY_PHASE_STRIP = NO;
				DEBUG_INFORMATION_FORMAT = "dwarf-with-dsym";
				ENABLE_NS_ASSERTIONS = NO;
				ENABLE_STRICT_OBJC_MSGSEND = YES;
				GCC_C_LANGUAGE_STANDARD = gnu99;
				GCC_NO_COMMON_BLOCKS = YES;
				GCC_WARN_64_TO_32_BIT_CONVERSION = YES;
				GCC_WARN_ABOUT_RETURN_TYPE = YES_ERROR;
				GCC_WARN_UNDECLARED_SELECTOR = YES;
				GCC_WARN_UNINITIALIZED_AUTOS = YES_AGGRESSIVE;
				GCC_WARN_UNUSED_FUNCTION = YES;
				GCC_WARN_UNUSED_VARIABLE = YES;
				IPHONEOS_DEPLOYMENT_TARGET = 10.3;
				MTL_ENABLE_DEBUG_INFO = NO;
				SDKROOT = iphoneos;
				SWIFT_OPTIMIZATION_LEVEL = "-Owholemodule";
				VALIDATE_PRODUCT = YES;
			};
			name = Release;
		};
		CFBFB6FA1F5FE4A30088B57B /* Debug */ = {
			isa = XCBuildConfiguration;
			buildSettings = {
				ASSETCATALOG_COMPILER_APPICON_NAME = AppIcon;
				INFOPLIST_FILE = "Swift16-枚举/Info.plist";
				LD_RUNPATH_SEARCH_PATHS = "$(inherited) @executable_path/Frameworks";
				PRODUCT_BUNDLE_IDENTIFIER = "com.centaline.Swift16---";
				PRODUCT_NAME = "$(TARGET_NAME)";
				SWIFT_VERSION = 3.0;
			};
			name = Debug;
		};
		CFBFB6FB1F5FE4A30088B57B /* Release */ = {
			isa = XCBuildConfiguration;
			buildSettings = {
				ASSETCATALOG_COMPILER_APPICON_NAME = AppIcon;
				INFOPLIST_FILE = "Swift16-枚举/Info.plist";
				LD_RUNPATH_SEARCH_PATHS = "$(inherited) @executable_path/Frameworks";
				PRODUCT_BUNDLE_IDENTIFIER = "com.centaline.Swift16---";
				PRODUCT_NAME = "$(TARGET_NAME)";
				SWIFT_VERSION = 3.0;
			};
			name = Release;
		};
		CFBFB6FD1F5FE4A30088B57B /* Debug */ = {
			isa = XCBuildConfiguration;
			buildSettings = {
				ALWAYS_EMBED_SWIFT_STANDARD_LIBRARIES = YES;
				INFOPLIST_FILE = "Swift16-枚举UITests/Info.plist";
				LD_RUNPATH_SEARCH_PATHS = "$(inherited) @executable_path/Frameworks @loader_path/Frameworks";
				PRODUCT_BUNDLE_IDENTIFIER = "com.centaline.Swift16---UITests";
				PRODUCT_NAME = "$(TARGET_NAME)";
				SWIFT_VERSION = 3.0;
				TEST_TARGET_NAME = "Swift16-枚举";
			};
			name = Debug;
		};
		CFBFB6FE1F5FE4A30088B57B /* Release */ = {
			isa = XCBuildConfiguration;
			buildSettings = {
				ALWAYS_EMBED_SWIFT_STANDARD_LIBRARIES = YES;
				INFOPLIST_FILE = "Swift16-枚举UITests/Info.plist";
				LD_RUNPATH_SEARCH_PATHS = "$(inherited) @executable_path/Frameworks @loader_path/Frameworks";
				PRODUCT_BUNDLE_IDENTIFIER = "com.centaline.Swift16---UITests";
				PRODUCT_NAME = "$(TARGET_NAME)";
				SWIFT_VERSION = 3.0;
				TEST_TARGET_NAME = "Swift16-枚举";
			};
			name = Release;
		};
/* End XCBuildConfiguration section */

/* Begin XCConfigurationList section */
		CFBFB6D71F5FE4A30088B57B /* Build configuration list for PBXProject "Swift16-枚举" */ = {
			isa = XCConfigurationList;
			buildConfigurations = (
				CFBFB6F71F5FE4A30088B57B /* Debug */,
				CFBFB6F81F5FE4A30088B57B /* Release */,
			);
			defaultConfigurationIsVisible = 0;
			defaultConfigurationName = Release;
		};
		CFBFB6F91F5FE4A30088B57B /* Build configuration list for PBXNativeTarget "Swift16-枚举" */ = {
			isa = XCConfigurationList;
			buildConfigurations = (
				CFBFB6FA1F5FE4A30088B57B /* Debug */,
				CFBFB6FB1F5FE4A30088B57B /* Release */,
			);
			defaultConfigurationIsVisible = 0;
		};
		CFBFB6FC1F5FE4A30088B57B /* Build configuration list for PBXNativeTarget "Swift16-枚举UITests" */ = {
			isa = XCConfigurationList;
			buildConfigurations = (
				CFBFB6FD1F5FE4A30088B57B /* Debug */,
				CFBFB6FE1F5FE4A30088B57B /* Release */,
			);
			defaultConfigurationIsVisible = 0;
		};
/* End XCConfigurationList section */
	};
	rootObject = CFBFB6D41F5FE4A30088B57B /* Project object */;
}
