// !$*UTF8*$!
{
	archiveVersion = 1;
	classes = {
	};
	objectVersion = 46;
	objects = {

/* Begin PBXBuildFile section */
		CFE235BE1E9B8C0800679434 /* AppDelegate.swift in Sources */ = {isa = PBXBuildFile; fileRef = CFE235BD1E9B8C0800679434 /* AppDelegate.swift */; };
		CFE235C01E9B8C0800679434 /* ViewController.swift in Sources */ = {isa = PBXBuildFile; fileRef = CFE235BF1E9B8C0800679434 /* ViewController.swift */; };
		CFE235C31E9B8C0800679434 /* Main.storyboard in Resources */ = {isa = PBXBuildFile; fileRef = CFE235C11E9B8C0800679434 /* Main.storyboard */; };
		CFE235C51E9B8C0800679434 /* Assets.xcassets in Resources */ = {isa = PBXBuildFile; fileRef = CFE235C41E9B8C0800679434 /* Assets.xcassets */; };
		CFE235C81E9B8C0800679434 /* LaunchScreen.storyboard in Resources */ = {isa = PBXBuildFile; fileRef = CFE235C61E9B8C0800679434 /* LaunchScreen.storyboard */; };
		CFE235D31E9B8C0900679434 /* Swift15___UITests.swift in Sources */ = {isa = PBXBuildFile; fileRef = CFE235D21E9B8C0900679434 /* Swift15___UITests.swift */; };
/* End PBXBuildFile section */

/* Begin PBXContainerItemProxy section */
		CFE235CF1E9B8C0900679434 /* PBXContainerItemProxy */ = {
			isa = PBXContainerItemProxy;
			containerPortal = CFE235B21E9B8C0800679434 /* Project object */;
			proxyType = 1;
			remoteGlobalIDString = CFE235B91E9B8C0800679434;
			remoteInfo = "Swift15-闭包";
		};
/* End PBXContainerItemProxy section */

/* Begin PBXFileReference section */
		CFE235BA1E9B8C0800679434 /* Swift15-闭包.app */ = {isa = PBXFileReference; explicitFileType = wrapper.application; includeInIndex = 0; path = "Swift15-闭包.app"; sourceTree = BUILT_PRODUCTS_DIR; };
		CFE235BD1E9B8C0800679434 /* AppDelegate.swift */ = {isa = PBXFileReference; lastKnownFileType = sourcecode.swift; path = AppDelegate.swift; sourceTree = "<group>"; };
		CFE235BF1E9B8C0800679434 /* ViewController.swift */ = {isa = PBXFileReference; lastKnownFileType = sourcecode.swift; path = ViewController.swift; sourceTree = "<group>"; };
		CFE235C21E9B8C0800679434 /* Base */ = {isa = PBXFileReference; lastKnownFileType = file.storyboard; name = Base; path = Base.lproj/Main.storyboard; sourceTree = "<group>"; };
		CFE235C41E9B8C0800679434 /* Assets.xcassets */ = {isa = PBXFileReference; lastKnownFileType = folder.assetcatalog; path = Assets.xcassets; sourceTree = "<group>"; };
		CFE235C71E9B8C0800679434 /* Base */ = {isa = PBXFileReference; lastKnownFileType = file.storyboard; name = Base; path = Base.lproj/LaunchScreen.storyboard; sourceTree = "<group>"; };
		CFE235C91E9B8C0800679434 /* Info.plist */ = {isa = PBXFileReference; lastKnownFileType = text.plist.xml; path = Info.plist; sourceTree = "<group>"; };
		CFE235CE1E9B8C0900679434 /* Swift15-闭包UITests.xctest */ = {isa = PBXFileReference; explicitFileType = wrapper.cfbundle; includeInIndex = 0; path = "Swift15-闭包UITests.xctest"; sourceTree = BUILT_PRODUCTS_DIR; };
		CFE235D21E9B8C0900679434 /* Swift15___UITests.swift */ = {isa = PBXFileReference; lastKnownFileType = sourcecode.swift; path = "Swift15___UITests.swift"; sourceTree = "<group>"; };
		CFE235D41E9B8C0900679434 /* Info.plist */ = {isa = PBXFileReference; lastKnownFileType = text.plist.xml; path = Info.plist; sourceTree = "<group>"; };
/* End PBXFileReference section */

/* Begin PBXFrameworksBuildPhase section */
		CFE235B71E9B8C0800679434 /* Frameworks */ = {
			isa = PBXFrameworksBuildPhase;
			buildActionMask = 2147483647;
			files = (
			);
			runOnlyForDeploymentPostprocessing = 0;
		};
		CFE235CB1E9B8C0900679434 /* Frameworks */ = {
			isa = PBXFrameworksBuildPhase;
			buildActionMask = 2147483647;
			files = (
			);
			runOnlyForDeploymentPostprocessing = 0;
		};
/* End PBXFrameworksBuildPhase section */

/* Begin PBXGroup section */
		CFE235B11E9B8C0800679434 = {
			isa = PBXGroup;
			children = (
				CFE235BC1E9B8C0800679434 /* Swift15-闭包 */,
				CFE235D11E9B8C0900679434 /* Swift15-闭包UITests */,
				CFE235BB1E9B8C0800679434 /* Products */,
			);
			sourceTree = "<group>";
		};
		CFE235BB1E9B8C0800679434 /* Products */ = {
			isa = PBXGroup;
			children = (
				CFE235BA1E9B8C0800679434 /* Swift15-闭包.app */,
				CFE235CE1E9B8C0900679434 /* Swift15-闭包UITests.xctest */,
			);
			name = Products;
			sourceTree = "<group>";
		};
		CFE235BC1E9B8C0800679434 /* Swift15-闭包 */ = {
			isa = PBXGroup;
			children = (
				CFE235BD1E9B8C0800679434 /* AppDelegate.swift */,
				CFE235BF1E9B8C0800679434 /* ViewController.swift */,
				CFE235C11E9B8C0800679434 /* Main.storyboard */,
				CFE235C41E9B8C0800679434 /* Assets.xcassets */,
				CFE235C61E9B8C0800679434 /* LaunchScreen.storyboard */,
				CFE235C91E9B8C0800679434 /* Info.plist */,
			);
			path = "Swift15-闭包";
			sourceTree = "<group>";
		};
		CFE235D11E9B8C0900679434 /* Swift15-闭包UITests */ = {
			isa = PBXGroup;
			children = (
				CFE235D21E9B8C0900679434 /* Swift15___UITests.swift */,
				CFE235D41E9B8C0900679434 /* Info.plist */,
			);
			path = "Swift15-闭包UITests";
			sourceTree = "<group>";
		};
/* End PBXGroup section */

/* Begin PBXNativeTarget section */
		CFE235B91E9B8C0800679434 /* Swift15-闭包 */ = {
			isa = PBXNativeTarget;
			buildConfigurationList = CFE235D71E9B8C0900679434 /* Build configuration list for PBXNativeTarget "Swift15-闭包" */;
			buildPhases = (
				CFE235B61E9B8C0800679434 /* Sources */,
				CFE235B71E9B8C0800679434 /* Frameworks */,
				CFE235B81E9B8C0800679434 /* Resources */,
			);
			buildRules = (
			);
			dependencies = (
			);
			name = "Swift15-闭包";
			productName = "Swift15-闭包";
			productReference = CFE235BA1E9B8C0800679434 /* Swift15-闭包.app */;
			productType = "com.apple.product-type.application";
		};
		CFE235CD1E9B8C0900679434 /* Swift15-闭包UITests */ = {
			isa = PBXNativeTarget;
			buildConfigurationList = CFE235DA1E9B8C0900679434 /* Build configuration list for PBXNativeTarget "Swift15-闭包UITests" */;
			buildPhases = (
				CFE235CA1E9B8C0900679434 /* Sources */,
				CFE235CB1E9B8C0900679434 /* Frameworks */,
				CFE235CC1E9B8C0900679434 /* Resources */,
			);
			buildRules = (
			);
			dependencies = (
				CFE235D01E9B8C0900679434 /* PBXTargetDependency */,
			);
			name = "Swift15-闭包UITests";
			productName = "Swift15-闭包UITests";
			productReference = CFE235CE1E9B8C0900679434 /* Swift15-闭包UITests.xctest */;
			productType = "com.apple.product-type.bundle.ui-testing";
		};
/* End PBXNativeTarget section */

/* Begin PBXProject section */
		CFE235B21E9B8C0800679434 /* Project object */ = {
			isa = PBXProject;
			attributes = {
				LastSwiftUpdateCheck = 0820;
				LastUpgradeCheck = 0820;
				ORGANIZATIONNAME = "李慧娟";
				TargetAttributes = {
					CFE235B91E9B8C0800679434 = {
						CreatedOnToolsVersion = 8.2.1;
						ProvisioningStyle = Automatic;
					};
					CFE235CD1E9B8C0900679434 = {
						CreatedOnToolsVersion = 8.2.1;
						ProvisioningStyle = Automatic;
						TestTargetID = CFE235B91E9B8C0800679434;
					};
				};
			};
			buildConfigurationList = CFE235B51E9B8C0800679434 /* Build configuration list for PBXProject "Swift15-闭包" */;
			compatibilityVersion = "Xcode 3.2";
			developmentRegion = English;
			hasScannedForEncodings = 0;
			knownRegions = (
				en,
				Base,
			);
			mainGroup = CFE235B11E9B8C0800679434;
			productRefGroup = CFE235BB1E9B8C0800679434 /* Products */;
			projectDirPath = "";
			projectRoot = "";
			targets = (
				CFE235B91E9B8C0800679434 /* Swift15-闭包 */,
				CFE235CD1E9B8C0900679434 /* Swift15-闭包UITests */,
			);
		};
/* End PBXProject section */

/* Begin PBXResourcesBuildPhase section */
		CFE235B81E9B8C0800679434 /* Resources */ = {
			isa = PBXResourcesBuildPhase;
			buildActionMask = 2147483647;
			files = (
				CFE235C81E9B8C0800679434 /* LaunchScreen.storyboard in Resources */,
				CFE235C51E9B8C0800679434 /* Assets.xcassets in Resources */,
				CFE235C31E9B8C0800679434 /* Main.storyboard in Resources */,
			);
			runOnlyForDeploymentPostprocessing = 0;
		};
		CFE235CC1E9B8C0900679434 /* Resources */ = {
			isa = PBXResourcesBuildPhase;
			buildActionMask = 2147483647;
			files = (
			);
			runOnlyForDeploymentPostprocessing = 0;
		};
/* End PBXResourcesBuildPhase section */

/* Begin PBXSourcesBuildPhase section */
		CFE235B61E9B8C0800679434 /* Sources */ = {
			isa = PBXSourcesBuildPhase;
			buildActionMask = 2147483647;
			files = (
				CFE235C01E9B8C0800679434 /* ViewController.swift in Sources */,
				CFE235BE1E9B8C0800679434 /* AppDelegate.swift in Sources */,
			);
			runOnlyForDeploymentPostprocessing = 0;
		};
		CFE235CA1E9B8C0900679434 /* Sources */ = {
			isa = PBXSourcesBuildPhase;
			buildActionMask = 2147483647;
			files = (
				CFE235D31E9B8C0900679434 /* Swift15___UITests.swift in Sources */,
			);
			runOnlyForDeploymentPostprocessing = 0;
		};
/* End PBXSourcesBuildPhase section */

/* Begin PBXTargetDependency section */
		CFE235D01E9B8C0900679434 /* PBXTargetDependency */ = {
			isa = PBXTargetDependency;
			target = CFE235B91E9B8C0800679434 /* Swift15-闭包 */;
			targetProxy = CFE235CF1E9B8C0900679434 /* PBXContainerItemProxy */;
		};
/* End PBXTargetDependency section */

/* Begin PBXVariantGroup section */
		CFE235C11E9B8C0800679434 /* Main.storyboard */ = {
			isa = PBXVariantGroup;
			children = (
				CFE235C21E9B8C0800679434 /* Base */,
			);
			name = Main.storyboard;
			sourceTree = "<group>";
		};
		CFE235C61E9B8C0800679434 /* LaunchScreen.storyboard */ = {
			isa = PBXVariantGroup;
			children = (
				CFE235C71E9B8C0800679434 /* Base */,
			);
			name = LaunchScreen.storyboard;
			sourceTree = "<group>";
		};
/* End PBXVariantGroup section */

/* Begin XCBuildConfiguration section */
		CFE235D51E9B8C0900679434 /* Debug */ = {
			isa = XCBuildConfiguration;
			buildSettings = {
				ALWAYS_SEARCH_USER_PATHS = NO;
				CLANG_ANALYZER_NONNULL = YES;
				CLANG_CXX_LANGUAGE_STANDARD = "gnu++0x";
				CLANG_CXX_LIBRARY = "libc++";
				CLANG_ENABLE_MODULES = YES;
				CLANG_ENABLE_OBJC_ARC = YES;
				CLANG_WARN_BOOL_CONVERSION = YES;
				CLANG_WARN_CONSTANT_CONVERSION = YES;
				CLANG_WARN_DIRECT_OBJC_ISA_USAGE = YES_ERROR;
				CLANG_WARN_DOCUMENTATION_COMMENTS = YES;
				CLANG_WARN_EMPTY_BODY = YES;
				CLANG_WARN_ENUM_CONVERSION = YES;
				CLANG_WARN_INFINITE_RECURSION = YES;
				CLANG_WARN_INT_CONVERSION = YES;
				CLANG_WARN_OBJC_ROOT_CLASS = YES_ERROR;
				CLANG_WARN_SUSPICIOUS_MOVE = YES;
				CLANG_WARN_UNREACHABLE_CODE = YES;
				CLANG_WARN__DUPLICATE_METHOD_MATCH = YES;
				"CODE_SIGN_IDENTITY[sdk=iphoneos*]" = "iPhone Developer";
				COPY_PHASE_STRIP = NO;
				DEBUG_INFORMATION_FORMAT = dwarf;
				ENABLE_STRICT_OBJC_MSGSEND = YES;
				ENABLE_TESTABILITY = YES;
				GCC_C_LANGUAGE_STANDARD = gnu99;
				GCC_DYNAMIC_NO_PIC = NO;
				GCC_NO_COMMON_BLOCKS = YES;
				GCC_OPTIMIZATION_LEVEL = 0;
				GCC_PREPROCESSOR_DEFINITIONS = (
					"DEBUG=1",
					"$(inherited)",
				);
				GCC_WARN_64_TO_32_BIT_CONVERSION = YES;
				GCC_WARN_ABOUT_RETURN_TYPE = YES_ERROR;
				GCC_WARN_UNDECLARED_SELECTOR = YES;
				GCC_WARN_UNINITIALIZED_AUTOS = YES_AGGRESSIVE;
				GCC_WARN_UNUSED_FUNCTION = YES;
				GCC_WARN_UNUSED_VARIABLE = YES;
				IPHONEOS_DEPLOYMENT_TARGET = 10.2;
				MTL_ENABLE_DEBUG_INFO = YES;
				ONLY_ACTIVE_ARCH = YES;
				SDKROOT = iphoneos;
				SWIFT_ACTIVE_COMPILATION_CONDITIONS = DEBUG;
				SWIFT_OPTIMIZATION_LEVEL = "-Onone";
			};
			name = Debug;
		};
		CFE235D61E9B8C0900679434 /* Release */ = {
			isa = XCBuildConfiguration;
			buildSettings = {
				ALWAYS_SEARCH_USER_PATHS = NO;
				CLANG_ANALYZER_NONNULL = YES;
				CLANG_CXX_LANGUAGE_STANDARD = "gnu++0x";
				CLANG_CXX_LIBRARY = "libc++";
				CLANG_ENABLE_MODULES = YES;
				CLANG_ENABLE_OBJC_ARC = YES;
				CLANG_WARN_BOOL_CONVERSION = YES;
				CLANG_WARN_CONSTANT_CONVERSION = YES;
				CLANG_WARN_DIRECT_OBJC_ISA_USAGE = YES_ERROR;
				CLANG_WARN_DOCUMENTATION_COMMENTS = YES;
				CLANG_WARN_EMPTY_BODY = YES;
				CLANG_WARN_ENUM_CONVERSION = YES;
				CLANG_WARN_INFINITE_RECURSION = YES;
				CLANG_WARN_INT_CONVERSION = YES;
				CLANG_WARN_OBJC_ROOT_CLASS = YES_ERROR;
				CLANG_WARN_SUSPICIOUS_MOVE = YES;
				CLANG_WARN_UNREACHABLE_CODE = YES;
				CLANG_WARN__DUPLICATE_METHOD_MATCH = YES;
				"CODE_SIGN_IDENTITY[sdk=iphoneos*]" = "iPhone Developer";
				COPY_PHASE_STRIP = NO;
				DEBUG_INFORMATION_FORMAT = "dwarf-with-dsym";
				ENABLE_NS_ASSERTIONS = NO;
				ENABLE_STRICT_OBJC_MSGSEND = YES;
				GCC_C_LANGUAGE_STANDARD = gnu99;
				GCC_NO_COMMON_BLOCKS = YES;
				GCC_WARN_64_TO_32_BIT_CONVERSION = YES;
				GCC_WARN_ABOUT_RETURN_TYPE = YES_ERROR;
				GCC_WARN_UNDECLARED_SELECTOR = YES;
				GCC_WARN_UNINITIALIZED_AUTOS = YES_AGGRESSIVE;
				GCC_WARN_UNUSED_FUNCTION = YES;
				GCC_WARN_UNUSED_VARIABLE = YES;
				IPHONEOS_DEPLOYMENT_TARGET = 10.2;
				MTL_ENABLE_DEBUG_INFO = NO;
				SDKROOT = iphoneos;
				SWIFT_OPTIMIZATION_LEVEL = "-Owholemodule";
				VALIDATE_PRODUCT = YES;
			};
			name = Release;
		};
		CFE235D81E9B8C0900679434 /* Debug */ = {
			isa = XCBuildConfiguration;
			buildSettings = {
				ASSETCATALOG_COMPILER_APPICON_NAME = AppIcon;
				INFOPLIST_FILE = "Swift15-闭包/Info.plist";
				LD_RUNPATH_SEARCH_PATHS = "$(inherited) @executable_path/Frameworks";
				PRODUCT_BUNDLE_IDENTIFIER = "com.centaline.Swift15---";
				PRODUCT_NAME = "$(TARGET_NAME)";
				SWIFT_VERSION = 3.0;
			};
			name = Debug;
		};
		CFE235D91E9B8C0900679434 /* Release */ = {
			isa = XCBuildConfiguration;
			buildSettings = {
				ASSETCATALOG_COMPILER_APPICON_NAME = AppIcon;
				INFOPLIST_FILE = "Swift15-闭包/Info.plist";
				LD_RUNPATH_SEARCH_PATHS = "$(inherited) @executable_path/Frameworks";
				PRODUCT_BUNDLE_IDENTIFIER = "com.centaline.Swift15---";
				PRODUCT_NAME = "$(TARGET_NAME)";
				SWIFT_VERSION = 3.0;
			};
			name = Release;
		};
		CFE235DB1E9B8C0900679434 /* Debug */ = {
			isa = XCBuildConfiguration;
			buildSettings = {
				ALWAYS_EMBED_SWIFT_STANDARD_LIBRARIES = YES;
				INFOPLIST_FILE = "Swift15-闭包UITests/Info.plist";
				LD_RUNPATH_SEARCH_PATHS = "$(inherited) @executable_path/Frameworks @loader_path/Frameworks";
				PRODUCT_BUNDLE_IDENTIFIER = "com.centaline.Swift15---UITests";
				PRODUCT_NAME = "$(TARGET_NAME)";
				SWIFT_VERSION = 3.0;
				TEST_TARGET_NAME = "Swift15-闭包";
			};
			name = Debug;
		};
		CFE235DC1E9B8C0900679434 /* Release */ = {
			isa = XCBuildConfiguration;
			buildSettings = {
				ALWAYS_EMBED_SWIFT_STANDARD_LIBRARIES = YES;
				INFOPLIST_FILE = "Swift15-闭包UITests/Info.plist";
				LD_RUNPATH_SEARCH_PATHS = "$(inherited) @executable_path/Frameworks @loader_path/Frameworks";
				PRODUCT_BUNDLE_IDENTIFIER = "com.centaline.Swift15---UITests";
				PRODUCT_NAME = "$(TARGET_NAME)";
				SWIFT_VERSION = 3.0;
				TEST_TARGET_NAME = "Swift15-闭包";
			};
			name = Release;
		};
/* End XCBuildConfiguration section */

/* Begin XCConfigurationList section */
		CFE235B51E9B8C0800679434 /* Build configuration list for PBXProject "Swift15-闭包" */ = {
			isa = XCConfigurationList;
			buildConfigurations = (
				CFE235D51E9B8C0900679434 /* Debug */,
				CFE235D61E9B8C0900679434 /* Release */,
			);
			defaultConfigurationIsVisible = 0;
			defaultConfigurationName = Release;
		};
		CFE235D71E9B8C0900679434 /* Build configuration list for PBXNativeTarget "Swift15-闭包" */ = {
			isa = XCConfigurationList;
			buildConfigurations = (
				CFE235D81E9B8C0900679434 /* Debug */,
				CFE235D91E9B8C0900679434 /* Release */,
			);
			defaultConfigurationIsVisible = 0;
		};
		CFE235DA1E9B8C0900679434 /* Build configuration list for PBXNativeTarget "Swift15-闭包UITests" */ = {
			isa = XCConfigurationList;
			buildConfigurations = (
				CFE235DB1E9B8C0900679434 /* Debug */,
				CFE235DC1E9B8C0900679434 /* Release */,
			);
			defaultConfigurationIsVisible = 0;
		};
/* End XCConfigurationList section */
	};
	rootObject = CFE235B21E9B8C0800679434 /* Project object */;
}
