// !$*UTF8*$!
{
	archiveVersion = 1;
	classes = {
	};
	objectVersion = 46;
	objects = {

/* Begin PBXBuildFile section */
		CFAE3B641E6FDE1C00A7ABCC /* AppDelegate.swift in Sources */ = {isa = PBXBuildFile; fileRef = CFAE3B631E6FDE1C00A7ABCC /* AppDelegate.swift */; };
		CFAE3B661E6FDE1C00A7ABCC /* ViewController.swift in Sources */ = {isa = PBXBuildFile; fileRef = CFAE3B651E6FDE1C00A7ABCC /* ViewController.swift */; };
		CFAE3B691E6FDE1C00A7ABCC /* Main.storyboard in Resources */ = {isa = PBXBuildFile; fileRef = CFAE3B671E6FDE1C00A7ABCC /* Main.storyboard */; };
		CFAE3B6B1E6FDE1C00A7ABCC /* Assets.xcassets in Resources */ = {isa = PBXBuildFile; fileRef = CFAE3B6A1E6FDE1C00A7ABCC /* Assets.xcassets */; };
		CFAE3B6E1E6FDE1C00A7ABCC /* LaunchScreen.storyboard in Resources */ = {isa = PBXBuildFile; fileRef = CFAE3B6C1E6FDE1C00A7ABCC /* LaunchScreen.storyboard */; };
		CFAE3B791E6FDE1C00A7ABCC /* Swift01_____UITests.swift in Sources */ = {isa = PBXBuildFile; fileRef = CFAE3B781E6FDE1C00A7ABCC /* Swift01_____UITests.swift */; };
/* End PBXBuildFile section */

/* Begin PBXContainerItemProxy section */
		CFAE3B751E6FDE1C00A7ABCC /* PBXContainerItemProxy */ = {
			isa = PBXContainerItemProxy;
			containerPortal = CFAE3B581E6FDE1C00A7ABCC /* Project object */;
			proxyType = 1;
			remoteGlobalIDString = CFAE3B5F1E6FDE1C00A7ABCC;
			remoteInfo = "Swift01-基本语法";
		};
/* End PBXContainerItemProxy section */

/* Begin PBXFileReference section */
		CFAE3B601E6FDE1C00A7ABCC /* Swift01-基本语法.app */ = {isa = PBXFileReference; explicitFileType = wrapper.application; includeInIndex = 0; path = "Swift01-基本语法.app"; sourceTree = BUILT_PRODUCTS_DIR; };
		CFAE3B631E6FDE1C00A7ABCC /* AppDelegate.swift */ = {isa = PBXFileReference; lastKnownFileType = sourcecode.swift; path = AppDelegate.swift; sourceTree = "<group>"; };
		CFAE3B651E6FDE1C00A7ABCC /* ViewController.swift */ = {isa = PBXFileReference; lastKnownFileType = sourcecode.swift; path = ViewController.swift; sourceTree = "<group>"; };
		CFAE3B681E6FDE1C00A7ABCC /* Base */ = {isa = PBXFileReference; lastKnownFileType = file.storyboard; name = Base; path = Base.lproj/Main.storyboard; sourceTree = "<group>"; };
		CFAE3B6A1E6FDE1C00A7ABCC /* Assets.xcassets */ = {isa = PBXFileReference; lastKnownFileType = folder.assetcatalog; path = Assets.xcassets; sourceTree = "<group>"; };
		CFAE3B6D1E6FDE1C00A7ABCC /* Base */ = {isa = PBXFileReference; lastKnownFileType = file.storyboard; name = Base; path = Base.lproj/LaunchScreen.storyboard; sourceTree = "<group>"; };
		CFAE3B6F1E6FDE1C00A7ABCC /* Info.plist */ = {isa = PBXFileReference; lastKnownFileType = text.plist.xml; path = Info.plist; sourceTree = "<group>"; };
		CFAE3B741E6FDE1C00A7ABCC /* Swift01-基本语法UITests.xctest */ = {isa = PBXFileReference; explicitFileType = wrapper.cfbundle; includeInIndex = 0; path = "Swift01-基本语法UITests.xctest"; sourceTree = BUILT_PRODUCTS_DIR; };
		CFAE3B781E6FDE1C00A7ABCC /* Swift01_____UITests.swift */ = {isa = PBXFileReference; lastKnownFileType = sourcecode.swift; path = "Swift01_____UITests.swift"; sourceTree = "<group>"; };
		CFAE3B7A1E6FDE1C00A7ABCC /* Info.plist */ = {isa = PBXFileReference; lastKnownFileType = text.plist.xml; path = Info.plist; sourceTree = "<group>"; };
/* End PBXFileReference section */

/* Begin PBXFrameworksBuildPhase section */
		CFAE3B5D1E6FDE1C00A7ABCC /* Frameworks */ = {
			isa = PBXFrameworksBuildPhase;
			buildActionMask = 2147483647;
			files = (
			);
			runOnlyForDeploymentPostprocessing = 0;
		};
		CFAE3B711E6FDE1C00A7ABCC /* Frameworks */ = {
			isa = PBXFrameworksBuildPhase;
			buildActionMask = 2147483647;
			files = (
			);
			runOnlyForDeploymentPostprocessing = 0;
		};
/* End PBXFrameworksBuildPhase section */

/* Begin PBXGroup section */
		CFAE3B571E6FDE1C00A7ABCC = {
			isa = PBXGroup;
			children = (
				CFAE3B621E6FDE1C00A7ABCC /* Swift01-基本语法 */,
				CFAE3B771E6FDE1C00A7ABCC /* Swift01-基本语法UITests */,
				CFAE3B611E6FDE1C00A7ABCC /* Products */,
			);
			sourceTree = "<group>";
		};
		CFAE3B611E6FDE1C00A7ABCC /* Products */ = {
			isa = PBXGroup;
			children = (
				CFAE3B601E6FDE1C00A7ABCC /* Swift01-基本语法.app */,
				CFAE3B741E6FDE1C00A7ABCC /* Swift01-基本语法UITests.xctest */,
			);
			name = Products;
			sourceTree = "<group>";
		};
		CFAE3B621E6FDE1C00A7ABCC /* Swift01-基本语法 */ = {
			isa = PBXGroup;
			children = (
				CFAE3B631E6FDE1C00A7ABCC /* AppDelegate.swift */,
				CFAE3B651E6FDE1C00A7ABCC /* ViewController.swift */,
				CFAE3B671E6FDE1C00A7ABCC /* Main.storyboard */,
				CFAE3B6A1E6FDE1C00A7ABCC /* Assets.xcassets */,
				CFAE3B6C1E6FDE1C00A7ABCC /* LaunchScreen.storyboard */,
				CFAE3B6F1E6FDE1C00A7ABCC /* Info.plist */,
			);
			path = "Swift01-基本语法";
			sourceTree = "<group>";
		};
		CFAE3B771E6FDE1C00A7ABCC /* Swift01-基本语法UITests */ = {
			isa = PBXGroup;
			children = (
				CFAE3B781E6FDE1C00A7ABCC /* Swift01_____UITests.swift */,
				CFAE3B7A1E6FDE1C00A7ABCC /* Info.plist */,
			);
			path = "Swift01-基本语法UITests";
			sourceTree = "<group>";
		};
/* End PBXGroup section */

/* Begin PBXNativeTarget section */
		CFAE3B5F1E6FDE1C00A7ABCC /* Swift01-基本语法 */ = {
			isa = PBXNativeTarget;
			buildConfigurationList = CFAE3B7D1E6FDE1C00A7ABCC /* Build configuration list for PBXNativeTarget "Swift01-基本语法" */;
			buildPhases = (
				CFAE3B5C1E6FDE1C00A7ABCC /* Sources */,
				CFAE3B5D1E6FDE1C00A7ABCC /* Frameworks */,
				CFAE3B5E1E6FDE1C00A7ABCC /* Resources */,
			);
			buildRules = (
			);
			dependencies = (
			);
			name = "Swift01-基本语法";
			productName = "Swift01-基本语法";
			productReference = CFAE3B601E6FDE1C00A7ABCC /* Swift01-基本语法.app */;
			productType = "com.apple.product-type.application";
		};
		CFAE3B731E6FDE1C00A7ABCC /* Swift01-基本语法UITests */ = {
			isa = PBXNativeTarget;
			buildConfigurationList = CFAE3B801E6FDE1C00A7ABCC /* Build configuration list for PBXNativeTarget "Swift01-基本语法UITests" */;
			buildPhases = (
				CFAE3B701E6FDE1C00A7ABCC /* Sources */,
				CFAE3B711E6FDE1C00A7ABCC /* Frameworks */,
				CFAE3B721E6FDE1C00A7ABCC /* Resources */,
			);
			buildRules = (
			);
			dependencies = (
				CFAE3B761E6FDE1C00A7ABCC /* PBXTargetDependency */,
			);
			name = "Swift01-基本语法UITests";
			productName = "Swift01-基本语法UITests";
			productReference = CFAE3B741E6FDE1C00A7ABCC /* Swift01-基本语法UITests.xctest */;
			productType = "com.apple.product-type.bundle.ui-testing";
		};
/* End PBXNativeTarget section */

/* Begin PBXProject section */
		CFAE3B581E6FDE1C00A7ABCC /* Project object */ = {
			isa = PBXProject;
			attributes = {
				LastSwiftUpdateCheck = 0820;
				LastUpgradeCheck = 0820;
				ORGANIZATIONNAME = "李慧娟";
				TargetAttributes = {
					CFAE3B5F1E6FDE1C00A7ABCC = {
						CreatedOnToolsVersion = 8.2.1;
						ProvisioningStyle = Automatic;
					};
					CFAE3B731E6FDE1C00A7ABCC = {
						CreatedOnToolsVersion = 8.2.1;
						ProvisioningStyle = Automatic;
						TestTargetID = CFAE3B5F1E6FDE1C00A7ABCC;
					};
				};
			};
			buildConfigurationList = CFAE3B5B1E6FDE1C00A7ABCC /* Build configuration list for PBXProject "Swift01-基本语法" */;
			compatibilityVersion = "Xcode 3.2";
			developmentRegion = English;
			hasScannedForEncodings = 0;
			knownRegions = (
				en,
				Base,
			);
			mainGroup = CFAE3B571E6FDE1C00A7ABCC;
			productRefGroup = CFAE3B611E6FDE1C00A7ABCC /* Products */;
			projectDirPath = "";
			projectRoot = "";
			targets = (
				CFAE3B5F1E6FDE1C00A7ABCC /* Swift01-基本语法 */,
				CFAE3B731E6FDE1C00A7ABCC /* Swift01-基本语法UITests */,
			);
		};
/* End PBXProject section */

/* Begin PBXResourcesBuildPhase section */
		CFAE3B5E1E6FDE1C00A7ABCC /* Resources */ = {
			isa = PBXResourcesBuildPhase;
			buildActionMask = 2147483647;
			files = (
				CFAE3B6E1E6FDE1C00A7ABCC /* LaunchScreen.storyboard in Resources */,
				CFAE3B6B1E6FDE1C00A7ABCC /* Assets.xcassets in Resources */,
				CFAE3B691E6FDE1C00A7ABCC /* Main.storyboard in Resources */,
			);
			runOnlyForDeploymentPostprocessing = 0;
		};
		CFAE3B721E6FDE1C00A7ABCC /* Resources */ = {
			isa = PBXResourcesBuildPhase;
			buildActionMask = 2147483647;
			files = (
			);
			runOnlyForDeploymentPostprocessing = 0;
		};
/* End PBXResourcesBuildPhase section */

/* Begin PBXSourcesBuildPhase section */
		CFAE3B5C1E6FDE1C00A7ABCC /* Sources */ = {
			isa = PBXSourcesBuildPhase;
			buildActionMask = 2147483647;
			files = (
				CFAE3B661E6FDE1C00A7ABCC /* ViewController.swift in Sources */,
				CFAE3B641E6FDE1C00A7ABCC /* AppDelegate.swift in Sources */,
			);
			runOnlyForDeploymentPostprocessing = 0;
		};
		CFAE3B701E6FDE1C00A7ABCC /* Sources */ = {
			isa = PBXSourcesBuildPhase;
			buildActionMask = 2147483647;
			files = (
				CFAE3B791E6FDE1C00A7ABCC /* Swift01_____UITests.swift in Sources */,
			);
			runOnlyForDeploymentPostprocessing = 0;
		};
/* End PBXSourcesBuildPhase section */

/* Begin PBXTargetDependency section */
		CFAE3B761E6FDE1C00A7ABCC /* PBXTargetDependency */ = {
			isa = PBXTargetDependency;
			target = CFAE3B5F1E6FDE1C00A7ABCC /* Swift01-基本语法 */;
			targetProxy = CFAE3B751E6FDE1C00A7ABCC /* PBXContainerItemProxy */;
		};
/* End PBXTargetDependency section */

/* Begin PBXVariantGroup section */
		CFAE3B671E6FDE1C00A7ABCC /* Main.storyboard */ = {
			isa = PBXVariantGroup;
			children = (
				CFAE3B681E6FDE1C00A7ABCC /* Base */,
			);
			name = Main.storyboard;
			sourceTree = "<group>";
		};
		CFAE3B6C1E6FDE1C00A7ABCC /* LaunchScreen.storyboard */ = {
			isa = PBXVariantGroup;
			children = (
				CFAE3B6D1E6FDE1C00A7ABCC /* Base */,
			);
			name = LaunchScreen.storyboard;
			sourceTree = "<group>";
		};
/* End PBXVariantGroup section */

/* Begin XCBuildConfiguration section */
		CFAE3B7B1E6FDE1C00A7ABCC /* Debug */ = {
			isa = XCBuildConfiguration;
			buildSettings = {
				ALWAYS_SEARCH_USER_PATHS = NO;
				CLANG_ANALYZER_NONNULL = YES;
				CLANG_CXX_LANGUAGE_STANDARD = "gnu++0x";
				CLANG_CXX_LIBRARY = "libc++";
				CLANG_ENABLE_MODULES = YES;
				CLANG_ENABLE_OBJC_ARC = YES;
				CLANG_WARN_BOOL_CONVERSION = YES;
				CLANG_WARN_CONSTANT_CONVERSION = YES;
				CLANG_WARN_DIRECT_OBJC_ISA_USAGE = YES_ERROR;
				CLANG_WARN_DOCUMENTATION_COMMENTS = YES;
				CLANG_WARN_EMPTY_BODY = YES;
				CLANG_WARN_ENUM_CONVERSION = YES;
				CLANG_WARN_INFINITE_RECURSION = YES;
				CLANG_WARN_INT_CONVERSION = YES;
				CLANG_WARN_OBJC_ROOT_CLASS = YES_ERROR;
				CLANG_WARN_SUSPICIOUS_MOVE = YES;
				CLANG_WARN_UNREACHABLE_CODE = YES;
				CLANG_WARN__DUPLICATE_METHOD_MATCH = YES;
				"CODE_SIGN_IDENTITY[sdk=iphoneos*]" = "iPhone Developer";
				COPY_PHASE_STRIP = NO;
				DEBUG_INFORMATION_FORMAT = dwarf;
				ENABLE_STRICT_OBJC_MSGSEND = YES;
				ENABLE_TESTABILITY = YES;
				GCC_C_LANGUAGE_STANDARD = gnu99;
				GCC_DYNAMIC_NO_PIC = NO;
				GCC_NO_COMMON_BLOCKS = YES;
				GCC_OPTIMIZATION_LEVEL = 0;
				GCC_PREPROCESSOR_DEFINITIONS = (
					"DEBUG=1",
					"$(inherited)",
				);
				GCC_WARN_64_TO_32_BIT_CONVERSION = YES;
				GCC_WARN_ABOUT_RETURN_TYPE = YES_ERROR;
				GCC_WARN_UNDECLARED_SELECTOR = YES;
				GCC_WARN_UNINITIALIZED_AUTOS = YES_AGGRESSIVE;
				GCC_WARN_UNUSED_FUNCTION = YES;
				GCC_WARN_UNUSED_VARIABLE = YES;
				IPHONEOS_DEPLOYMENT_TARGET = 10.2;
				MTL_ENABLE_DEBUG_INFO = YES;
				ONLY_ACTIVE_ARCH = YES;
				SDKROOT = iphoneos;
				SWIFT_ACTIVE_COMPILATION_CONDITIONS = DEBUG;
				SWIFT_OPTIMIZATION_LEVEL = "-Onone";
			};
			name = Debug;
		};
		CFAE3B7C1E6FDE1C00A7ABCC /* Release */ = {
			isa = XCBuildConfiguration;
			buildSettings = {
				ALWAYS_SEARCH_USER_PATHS = NO;
				CLANG_ANALYZER_NONNULL = YES;
				CLANG_CXX_LANGUAGE_STANDARD = "gnu++0x";
				CLANG_CXX_LIBRARY = "libc++";
				CLANG_ENABLE_MODULES = YES;
				CLANG_ENABLE_OBJC_ARC = YES;
				CLANG_WARN_BOOL_CONVERSION = YES;
				CLANG_WARN_CONSTANT_CONVERSION = YES;
				CLANG_WARN_DIRECT_OBJC_ISA_USAGE = YES_ERROR;
				CLANG_WARN_DOCUMENTATION_COMMENTS = YES;
				CLANG_WARN_EMPTY_BODY = YES;
				CLANG_WARN_ENUM_CONVERSION = YES;
				CLANG_WARN_INFINITE_RECURSION = YES;
				CLANG_WARN_INT_CONVERSION = YES;
				CLANG_WARN_OBJC_ROOT_CLASS = YES_ERROR;
				CLANG_WARN_SUSPICIOUS_MOVE = YES;
				CLANG_WARN_UNREACHABLE_CODE = YES;
				CLANG_WARN__DUPLICATE_METHOD_MATCH = YES;
				"CODE_SIGN_IDENTITY[sdk=iphoneos*]" = "iPhone Developer";
				COPY_PHASE_STRIP = NO;
				DEBUG_INFORMATION_FORMAT = "dwarf-with-dsym";
				ENABLE_NS_ASSERTIONS = NO;
				ENABLE_STRICT_OBJC_MSGSEND = YES;
				GCC_C_LANGUAGE_STANDARD = gnu99;
				GCC_NO_COMMON_BLOCKS = YES;
				GCC_WARN_64_TO_32_BIT_CONVERSION = YES;
				GCC_WARN_ABOUT_RETURN_TYPE = YES_ERROR;
				GCC_WARN_UNDECLARED_SELECTOR = YES;
				GCC_WARN_UNINITIALIZED_AUTOS = YES_AGGRESSIVE;
				GCC_WARN_UNUSED_FUNCTION = YES;
				GCC_WARN_UNUSED_VARIABLE = YES;
				IPHONEOS_DEPLOYMENT_TARGET = 10.2;
				MTL_ENABLE_DEBUG_INFO = NO;
				SDKROOT = iphoneos;
				SWIFT_OPTIMIZATION_LEVEL = "-Owholemodule";
				VALIDATE_PRODUCT = YES;
			};
			name = Release;
		};
		CFAE3B7E1E6FDE1C00A7ABCC /* Debug */ = {
			isa = XCBuildConfiguration;
			buildSettings = {
				ASSETCATALOG_COMPILER_APPICON_NAME = AppIcon;
				INFOPLIST_FILE = "Swift01-基本语法/Info.plist";
				LD_RUNPATH_SEARCH_PATHS = "$(inherited) @executable_path/Frameworks";
				PRODUCT_BUNDLE_IDENTIFIER = "com.centaline.Swift01-----";
				PRODUCT_NAME = "$(TARGET_NAME)";
				SWIFT_VERSION = 3.0;
			};
			name = Debug;
		};
		CFAE3B7F1E6FDE1C00A7ABCC /* Release */ = {
			isa = XCBuildConfiguration;
			buildSettings = {
				ASSETCATALOG_COMPILER_APPICON_NAME = AppIcon;
				INFOPLIST_FILE = "Swift01-基本语法/Info.plist";
				LD_RUNPATH_SEARCH_PATHS = "$(inherited) @executable_path/Frameworks";
				PRODUCT_BUNDLE_IDENTIFIER = "com.centaline.Swift01-----";
				PRODUCT_NAME = "$(TARGET_NAME)";
				SWIFT_VERSION = 3.0;
			};
			name = Release;
		};
		CFAE3B811E6FDE1C00A7ABCC /* Debug */ = {
			isa = XCBuildConfiguration;
			buildSettings = {
				ALWAYS_EMBED_SWIFT_STANDARD_LIBRARIES = YES;
				INFOPLIST_FILE = "Swift01-基本语法UITests/Info.plist";
				LD_RUNPATH_SEARCH_PATHS = "$(inherited) @executable_path/Frameworks @loader_path/Frameworks";
				PRODUCT_BUNDLE_IDENTIFIER = "com.centaline.Swift01-----UITests";
				PRODUCT_NAME = "$(TARGET_NAME)";
				SWIFT_VERSION = 3.0;
				TEST_TARGET_NAME = "Swift01-基本语法";
			};
			name = Debug;
		};
		CFAE3B821E6FDE1C00A7ABCC /* Release */ = {
			isa = XCBuildConfiguration;
			buildSettings = {
				ALWAYS_EMBED_SWIFT_STANDARD_LIBRARIES = YES;
				INFOPLIST_FILE = "Swift01-基本语法UITests/Info.plist";
				LD_RUNPATH_SEARCH_PATHS = "$(inherited) @executable_path/Frameworks @loader_path/Frameworks";
				PRODUCT_BUNDLE_IDENTIFIER = "com.centaline.Swift01-----UITests";
				PRODUCT_NAME = "$(TARGET_NAME)";
				SWIFT_VERSION = 3.0;
				TEST_TARGET_NAME = "Swift01-基本语法";
			};
			name = Release;
		};
/* End XCBuildConfiguration section */

/* Begin XCConfigurationList section */
		CFAE3B5B1E6FDE1C00A7ABCC /* Build configuration list for PBXProject "Swift01-基本语法" */ = {
			isa = XCConfigurationList;
			buildConfigurations = (
				CFAE3B7B1E6FDE1C00A7ABCC /* Debug */,
				CFAE3B7C1E6FDE1C00A7ABCC /* Release */,
			);
			defaultConfigurationIsVisible = 0;
			defaultConfigurationName = Release;
		};
		CFAE3B7D1E6FDE1C00A7ABCC /* Build configuration list for PBXNativeTarget "Swift01-基本语法" */ = {
			isa = XCConfigurationList;
			buildConfigurations = (
				CFAE3B7E1E6FDE1C00A7ABCC /* Debug */,
				CFAE3B7F1E6FDE1C00A7ABCC /* Release */,
			);
			defaultConfigurationIsVisible = 0;
		};
		CFAE3B801E6FDE1C00A7ABCC /* Build configuration list for PBXNativeTarget "Swift01-基本语法UITests" */ = {
			isa = XCConfigurationList;
			buildConfigurations = (
				CFAE3B811E6FDE1C00A7ABCC /* Debug */,
				CFAE3B821E6FDE1C00A7ABCC /* Release */,
			);
			defaultConfigurationIsVisible = 0;
		};
/* End XCConfigurationList section */
	};
	rootObject = CFAE3B581E6FDE1C00A7ABCC /* Project object */;
}
